<?xml version="1.0" encoding="UTF-8" standalone="yes" ?>
<CodeBlocks_project_file>
	<FileVersion major="1" minor="6" />
	<Project>
		<Option title="Mastermind" />
		<Option pch_mode="2" />
		<Option compiler="gcc" />
		<Build>
			<Target title="Debug">
				<Option output="bin\Debug\Mastermind" prefix_auto="1" extension_auto="1" />
				<Option object_output="obj\Debug\" />
				<Option type="1" />
				<Option compiler="gcc" />
				<Compiler>
					<Add option="-pedantic" />
					<Add option="-Wall" />
					<Add option="-ansi" />
					<Add option="-g" />
				</Compiler>
			</Target>
			<Target title="Release_win">
				<Option platforms="Windows;" />
				<Option output="bin\Release\Mastermind_win" prefix_auto="1" extension_auto="1" />
				<Option object_output="obj\Release_win\" />
				<Option type="1" />
				<Option compiler="gcc" />
				<Compiler>
					<Add option="-O2" />
					<Add option="-pedantic" />
					<Add option="-Wall" />
					<Add option="-ansi" />
				</Compiler>
				<Linker>
					<Add option="-s" />
				</Linker>
			</Target>
			<Target title="Release_unix">
				<Option platforms="Unix;" />
				<Option output="bin\Release\Mastermind_unix" prefix_auto="1" extension_auto="1" />
				<Option object_output="obj\Release_unix\" />
				<Option type="1" />
				<Option compiler="gcc" />
				<Compiler>
					<Add option="-O2" />
					<Add option="-pedantic" />
					<Add option="-Wall" />
					<Add option="-ansi" />
				</Compiler>
				<Linker>
					<Add option="-s" />
				</Linker>
			</Target>
		</Build>
		<Compiler>
			<Add option="-pedantic" />
			<Add option="-Wall" />
			<Add option="-ansi" />
		</Compiler>
		<Unit filename="highscore.c">
			<Option compilerVar="CC" />
		</Unit>
		<Unit filename="highscore.h" />
		<Unit filename="main.c">
			<Option compilerVar="CC" />
		</Unit>
		<Unit filename="mastermind.c">
			<Option compilerVar="CC" />
		</Unit>
		<Unit filename="mastermind.h" />
		<Unit filename="unix.c">
			<Option compilerVar="CC" />
			<Option target="Release_unix" />
		</Unit>
		<Unit filename="win.c">
			<Option compilerVar="CC" />
			<Option target="Debug" />
			<Option target="Release_win" />
		</Unit>
		<Extensions>
			<code_completion />
			<debugger />
		</Extensions>
	</Project>
</CodeBlocks_project_file>
